// !$*UTF8*$!
{
	archiveVersion = 1;
	classes = {
	};
	objectVersion = 46;
	objects = {

/* Begin PBXBuildFile section */
		1521416C1D3B3D1600A2EFAE /* TMBBaseTableViewController.m in Sources */ = {isa = PBXBuildFile; fileRef = 1521416B1D3B3D1600A2EFAE /* TMBBaseTableViewController.m */; };
		1528D8B81D2F726200008628 /* TMBCoreDataStackManager.m in Sources */ = {isa = PBXBuildFile; fileRef = 1528D8B71D2F726200008628 /* TMBCoreDataStackManager.m */; };
		156FEA931D3BF54F008A82FF /* TMBDashboardTableViewDelegate.m in Sources */ = {isa = PBXBuildFile; fileRef = 156FEA921D3BF54F008A82FF /* TMBDashboardTableViewDelegate.m */; };
		156FEA971D3C0FA4008A82FF /* TMBAPIResponseHelper.m in Sources */ = {isa = PBXBuildFile; fileRef = 156FEA961D3C0FA4008A82FF /* TMBAPIResponseHelper.m */; };
		15BA87D01D33E03D00730CA6 /* TMBDashboardTableViewCell.m in Sources */ = {isa = PBXBuildFile; fileRef = 15BA87CD1D33E03D00730CA6 /* TMBDashboardTableViewCell.m */; };
		15BA87D11D33E03D00730CA6 /* TMBDashboardTableViewController.m in Sources */ = {isa = PBXBuildFile; fileRef = 15BA87CF1D33E03D00730CA6 /* TMBDashboardTableViewController.m */; };
		15BA88ED1D360D7C00730CA6 /* Player+CoreDataProperties.m in Sources */ = {isa = PBXBuildFile; fileRef = 15BA88BE1D360D7C00730CA6 /* Player+CoreDataProperties.m */; };
		15BA88EE1D360D7C00730CA6 /* Player.m in Sources */ = {isa = PBXBuildFile; fileRef = 15BA88C01D360D7C00730CA6 /* Player.m */; };
		15BA88EF1D360D7C00730CA6 /* TMBPost+CoreDataProperties.m in Sources */ = {isa = PBXBuildFile; fileRef = 15BA88C21D360D7C00730CA6 /* TMBPost+CoreDataProperties.m */; };
		15BA88F01D360D7C00730CA6 /* TMBPost.m in Sources */ = {isa = PBXBuildFile; fileRef = 15BA88C41D360D7C00730CA6 /* TMBPost.m */; };
		15BA88F11D360D7C00730CA6 /* TMBAudioPost+CoreDataProperties.m in Sources */ = {isa = PBXBuildFile; fileRef = 15BA88C61D360D7C00730CA6 /* TMBAudioPost+CoreDataProperties.m */; };
		15BA88F21D360D7C00730CA6 /* TMBAudioPost.m in Sources */ = {isa = PBXBuildFile; fileRef = 15BA88C81D360D7C00730CA6 /* TMBAudioPost.m */; };
		15BA88F31D360D7C00730CA6 /* TMBLinkPost+CoreDataProperties.m in Sources */ = {isa = PBXBuildFile; fileRef = 15BA88CA1D360D7C00730CA6 /* TMBLinkPost+CoreDataProperties.m */; };
		15BA88F41D360D7C00730CA6 /* TMBLinkPost.m in Sources */ = {isa = PBXBuildFile; fileRef = 15BA88CC1D360D7C00730CA6 /* TMBLinkPost.m */; };
		15BA88F51D360D7C00730CA6 /* TMBVideoPost+CoreDataProperties.m in Sources */ = {isa = PBXBuildFile; fileRef = 15BA88CE1D360D7C00730CA6 /* TMBVideoPost+CoreDataProperties.m */; };
		15BA88F61D360D7C00730CA6 /* TMBVideoPost.m in Sources */ = {isa = PBXBuildFile; fileRef = 15BA88D01D360D7C00730CA6 /* TMBVideoPost.m */; };
		15BA88F71D360D7C00730CA6 /* TMBPhotoPost+CoreDataProperties.m in Sources */ = {isa = PBXBuildFile; fileRef = 15BA88D21D360D7C00730CA6 /* TMBPhotoPost+CoreDataProperties.m */; };
		15BA88F81D360D7C00730CA6 /* TMBPhotoPost.m in Sources */ = {isa = PBXBuildFile; fileRef = 15BA88D41D360D7C00730CA6 /* TMBPhotoPost.m */; };
		15BA88F91D360D7C00730CA6 /* TMBQuotePost+CoreDataProperties.m in Sources */ = {isa = PBXBuildFile; fileRef = 15BA88D61D360D7C00730CA6 /* TMBQuotePost+CoreDataProperties.m */; };
		15BA88FA1D360D7C00730CA6 /* TMBQuotePost.m in Sources */ = {isa = PBXBuildFile; fileRef = 15BA88D81D360D7C00730CA6 /* TMBQuotePost.m */; };
		15BA88FB1D360D7C00730CA6 /* Dialogue+CoreDataProperties.m in Sources */ = {isa = PBXBuildFile; fileRef = 15BA88DA1D360D7C00730CA6 /* Dialogue+CoreDataProperties.m */; };
		15BA88FC1D360D7C00730CA6 /* Dialogue.m in Sources */ = {isa = PBXBuildFile; fileRef = 15BA88DC1D360D7C00730CA6 /* Dialogue.m */; };
		15BA88FD1D360D7C00730CA6 /* TMBAnswerPost+CoreDataProperties.m in Sources */ = {isa = PBXBuildFile; fileRef = 15BA88DE1D360D7C00730CA6 /* TMBAnswerPost+CoreDataProperties.m */; };
		15BA88FE1D360D7C00730CA6 /* TMBAnswerPost.m in Sources */ = {isa = PBXBuildFile; fileRef = 15BA88E01D360D7C00730CA6 /* TMBAnswerPost.m */; };
		15BA88FF1D360D7C00730CA6 /* TMBTextPost+CoreDataProperties.m in Sources */ = {isa = PBXBuildFile; fileRef = 15BA88E21D360D7C00730CA6 /* TMBTextPost+CoreDataProperties.m */; };
		15BA89001D360D7C00730CA6 /* TMBTextPost.m in Sources */ = {isa = PBXBuildFile; fileRef = 15BA88E41D360D7C00730CA6 /* TMBTextPost.m */; };
		15BA89011D360D7C00730CA6 /* Photo+CoreDataProperties.m in Sources */ = {isa = PBXBuildFile; fileRef = 15BA88E61D360D7C00730CA6 /* Photo+CoreDataProperties.m */; };
		15BA89021D360D7C00730CA6 /* Photo.m in Sources */ = {isa = PBXBuildFile; fileRef = 15BA88E81D360D7C00730CA6 /* Photo.m */; };
		15BA89031D360D7C00730CA6 /* TMBChatPost+CoreDataProperties.m in Sources */ = {isa = PBXBuildFile; fileRef = 15BA88EA1D360D7C00730CA6 /* TMBChatPost+CoreDataProperties.m */; };
		15BA89041D360D7C00730CA6 /* TMBChatPost.m in Sources */ = {isa = PBXBuildFile; fileRef = 15BA88EC1D360D7C00730CA6 /* TMBChatPost.m */; };
		15BA89081D361E9500730CA6 /* NSDate+TMBDateFormatter.m in Sources */ = {isa = PBXBuildFile; fileRef = 15BA89071D361E9500730CA6 /* NSDate+TMBDateFormatter.m */; };
		15BA890B1D37037300730CA6 /* NSDictionary+TMBDictionaryJSONParser.m in Sources */ = {isa = PBXBuildFile; fileRef = 15BA890A1D37037300730CA6 /* NSDictionary+TMBDictionaryJSONParser.m */; };
		15BA89161D370AF000730CA6 /* TMBFetchedResultsControllerDelegate.m in Sources */ = {isa = PBXBuildFile; fileRef = 15BA89151D370AF000730CA6 /* TMBFetchedResultsControllerDelegate.m */; };
		15BA891A1D370D7E00730CA6 /* TMBDashboardTableViewDataSource.m in Sources */ = {isa = PBXBuildFile; fileRef = 15BA89191D370D7E00730CA6 /* TMBDashboardTableViewDataSource.m */; };
		15BEC08C1D387D3F001BAAD7 /* TMBStoryboard.storyboard in Resources */ = {isa = PBXBuildFile; fileRef = 15BEC08B1D387D3F001BAAD7 /* TMBStoryboard.storyboard */; };
		15BEC0B81D3885CD001BAAD7 /* TMBTypeTableViewController.m in Sources */ = {isa = PBXBuildFile; fileRef = 15BEC0B71D3885CD001BAAD7 /* TMBTypeTableViewController.m */; };
		15BEC0BB1D388868001BAAD7 /* TMBTypeTableViewDataSource.m in Sources */ = {isa = PBXBuildFile; fileRef = 15BEC0BA1D388868001BAAD7 /* TMBTypeTableViewDataSource.m */; };
		15BEC0C11D38A19B001BAAD7 /* TMBBaseViewController.m in Sources */ = {isa = PBXBuildFile; fileRef = 15BEC0C01D38A19B001BAAD7 /* TMBBaseViewController.m */; };
		15BEC0C51D38A1C9001BAAD7 /* TMBQuoteViewController.m in Sources */ = {isa = PBXBuildFile; fileRef = 15BEC0C41D38A1C9001BAAD7 /* TMBQuoteViewController.m */; };
		15BEC0C91D38AB58001BAAD7 /* TMBBaseLabel.m in Sources */ = {isa = PBXBuildFile; fileRef = 15BEC0C81D38AB58001BAAD7 /* TMBBaseLabel.m */; };
		15BEC0CD1D38AC7B001BAAD7 /* TMBThemeManager.m in Sources */ = {isa = PBXBuildFile; fileRef = 15BEC0CC1D38AC7B001BAAD7 /* TMBThemeManager.m */; };
		15BEC0D01D38B6D9001BAAD7 /* TMBBaseTextView.m in Sources */ = {isa = PBXBuildFile; fileRef = 15BEC0CF1D38B6D9001BAAD7 /* TMBBaseTextView.m */; };
		15BEC0D31D38BAF2001BAAD7 /* TMBTextViewController.m in Sources */ = {isa = PBXBuildFile; fileRef = 15BEC0D21D38BAF2001BAAD7 /* TMBTextViewController.m */; };
		15BEC0D61D38BB6B001BAAD7 /* NSString+TMBHTMLString.m in Sources */ = {isa = PBXBuildFile; fileRef = 15BEC0D51D38BB6B001BAAD7 /* NSString+TMBHTMLString.m */; };
		15FAB2711D3744CA00119ECA /* Image+CoreDataProperties.m in Sources */ = {isa = PBXBuildFile; fileRef = 15FAB26E1D3744CA00119ECA /* Image+CoreDataProperties.m */; };
		15FAB2721D3744CA00119ECA /* Image.m in Sources */ = {isa = PBXBuildFile; fileRef = 15FAB2701D3744CA00119ECA /* Image.m */; };
		3424B5F41852206A00E9B739 /* Foundation.framework in Frameworks */ = {isa = PBXBuildFile; fileRef = 3424B5F31852206A00E9B739 /* Foundation.framework */; };
		3424B5F61852206A00E9B739 /* CoreGraphics.framework in Frameworks */ = {isa = PBXBuildFile; fileRef = 3424B5F51852206A00E9B739 /* CoreGraphics.framework */; };
		3424B5F81852206A00E9B739 /* UIKit.framework in Frameworks */ = {isa = PBXBuildFile; fileRef = 3424B5F71852206A00E9B739 /* UIKit.framework */; };
		3424B5FA1852206A00E9B739 /* CoreData.framework in Frameworks */ = {isa = PBXBuildFile; fileRef = 3424B5F91852206A00E9B739 /* CoreData.framework */; };
		3424B6001852206A00E9B739 /* InfoPlist.strings in Resources */ = {isa = PBXBuildFile; fileRef = 3424B5FE1852206A00E9B739 /* InfoPlist.strings */; };
		3424B6021852206A00E9B739 /* main.m in Sources */ = {isa = PBXBuildFile; fileRef = 3424B6011852206A00E9B739 /* main.m */; };
		3424B6061852206A00E9B739 /* TMBAppDelegate.m in Sources */ = {isa = PBXBuildFile; fileRef = 3424B6051852206A00E9B739 /* TMBAppDelegate.m */; };
		3424B6091852206A00E9B739 /* Tumblrbot.xcdatamodeld in Sources */ = {isa = PBXBuildFile; fileRef = 3424B6071852206A00E9B739 /* Tumblrbot.xcdatamodeld */; };
		3424B60B1852206A00E9B739 /* Images.xcassets in Resources */ = {isa = PBXBuildFile; fileRef = 3424B60A1852206A00E9B739 /* Images.xcassets */; };
		BFC1BED3E48C403D99D65F82 /* libPods.a in Frameworks */ = {isa = PBXBuildFile; fileRef = 66FB4E89C57845F9BD36ADCA /* libPods.a */; };
		DA12C1651D3939CF00447A1A /* TMBLinkViewController.m in Sources */ = {isa = PBXBuildFile; fileRef = DA12C1641D3939CF00447A1A /* TMBLinkViewController.m */; };
		DA12C1681D3945D800447A1A /* TMBVideoViewController.m in Sources */ = {isa = PBXBuildFile; fileRef = DA12C1671D3945D800447A1A /* TMBVideoViewController.m */; };
		DA12C1701D3954D400447A1A /* TMBAnswerViewController.m in Sources */ = {isa = PBXBuildFile; fileRef = DA12C16F1D3954D400447A1A /* TMBAnswerViewController.m */; };
		DA12C1751D397A1100447A1A /* TMBChatTableViewController.m in Sources */ = {isa = PBXBuildFile; fileRef = DA12C1741D397A1100447A1A /* TMBChatTableViewController.m */; };
		DA12C1781D39823600447A1A /* TMBChatTableViewCell.m in Sources */ = {isa = PBXBuildFile; fileRef = DA12C1771D39823600447A1A /* TMBChatTableViewCell.m */; };
		DA12C17B1D399FC800447A1A /* TMBAudioViewController.m in Sources */ = {isa = PBXBuildFile; fileRef = DA12C17A1D399FC800447A1A /* TMBAudioViewController.m */; };
		DA12C17E1D3A0AB400447A1A /* TMBPhotoTableViewController.m in Sources */ = {isa = PBXBuildFile; fileRef = DA12C17D1D3A0AB400447A1A /* TMBPhotoTableViewController.m */; };
		DA12C1811D3A0C4300447A1A /* TMBPhotoTableViewCell.m in Sources */ = {isa = PBXBuildFile; fileRef = DA12C1801D3A0C4300447A1A /* TMBPhotoTableViewCell.m */; };
		DA12C1871D3AFB4900447A1A /* TMBChatTableViewDataSource.m in Sources */ = {isa = PBXBuildFile; fileRef = DA12C1861D3AFB4900447A1A /* TMBChatTableViewDataSource.m */; };
		DA12C18A1D3AFE6000447A1A /* TMBPhotoTableViewDataSource.m in Sources */ = {isa = PBXBuildFile; fileRef = DA12C1891D3AFE6000447A1A /* TMBPhotoTableViewDataSource.m */; };
		DA12C18D1D3B032900447A1A /* TMBTextBaseViewController.m in Sources */ = {isa = PBXBuildFile; fileRef = DA12C18C1D3B032900447A1A /* TMBTextBaseViewController.m */; };
		DA12C1901D3B04BD00447A1A /* TMBMediaBaseViewController.m in Sources */ = {isa = PBXBuildFile; fileRef = DA12C18F1D3B04BD00447A1A /* TMBMediaBaseViewController.m */; };
		DA12C1931D3B09CF00447A1A /* TMBBaseDetailTableViewController.m in Sources */ = {isa = PBXBuildFile; fileRef = DA12C1921D3B09CF00447A1A /* TMBBaseDetailTableViewController.m */; };
/* End PBXBuildFile section */

/* Begin PBXFileReference section */
		1521416A1D3B3D1600A2EFAE /* TMBBaseTableViewController.h */ = {isa = PBXFileReference; fileEncoding = 4; lastKnownFileType = sourcecode.c.h; path = TMBBaseTableViewController.h; sourceTree = "<group>"; };
		1521416B1D3B3D1600A2EFAE /* TMBBaseTableViewController.m */ = {isa = PBXFileReference; fileEncoding = 4; lastKnownFileType = sourcecode.c.objc; path = TMBBaseTableViewController.m; sourceTree = "<group>"; };
		1528D8B61D2F726200008628 /* TMBCoreDataStackManager.h */ = {isa = PBXFileReference; fileEncoding = 4; lastKnownFileType = sourcecode.c.h; path = TMBCoreDataStackManager.h; sourceTree = "<group>"; };
		1528D8B71D2F726200008628 /* TMBCoreDataStackManager.m */ = {isa = PBXFileReference; fileEncoding = 4; lastKnownFileType = sourcecode.c.objc; path = TMBCoreDataStackManager.m; sourceTree = "<group>"; };
		156FEA911D3BF54F008A82FF /* TMBDashboardTableViewDelegate.h */ = {isa = PBXFileReference; fileEncoding = 4; lastKnownFileType = sourcecode.c.h; path = TMBDashboardTableViewDelegate.h; sourceTree = "<group>"; };
		156FEA921D3BF54F008A82FF /* TMBDashboardTableViewDelegate.m */ = {isa = PBXFileReference; fileEncoding = 4; lastKnownFileType = sourcecode.c.objc; path = TMBDashboardTableViewDelegate.m; sourceTree = "<group>"; };
		156FEA951D3C0FA4008A82FF /* TMBAPIResponseHelper.h */ = {isa = PBXFileReference; fileEncoding = 4; lastKnownFileType = sourcecode.c.h; path = TMBAPIResponseHelper.h; sourceTree = "<group>"; };
		156FEA961D3C0FA4008A82FF /* TMBAPIResponseHelper.m */ = {isa = PBXFileReference; fileEncoding = 4; lastKnownFileType = sourcecode.c.objc; path = TMBAPIResponseHelper.m; sourceTree = "<group>"; };
		15BA87CC1D33E03D00730CA6 /* TMBDashboardTableViewCell.h */ = {isa = PBXFileReference; fileEncoding = 4; lastKnownFileType = sourcecode.c.h; path = TMBDashboardTableViewCell.h; sourceTree = "<group>"; };
		15BA87CD1D33E03D00730CA6 /* TMBDashboardTableViewCell.m */ = {isa = PBXFileReference; fileEncoding = 4; lastKnownFileType = sourcecode.c.objc; path = TMBDashboardTableViewCell.m; sourceTree = "<group>"; };
		15BA87CE1D33E03D00730CA6 /* TMBDashboardTableViewController.h */ = {isa = PBXFileReference; fileEncoding = 4; lastKnownFileType = sourcecode.c.h; path = TMBDashboardTableViewController.h; sourceTree = "<group>"; };
		15BA87CF1D33E03D00730CA6 /* TMBDashboardTableViewController.m */ = {isa = PBXFileReference; fileEncoding = 4; lastKnownFileType = sourcecode.c.objc; path = TMBDashboardTableViewController.m; sourceTree = "<group>"; };
		15BA88BD1D360D7C00730CA6 /* Player+CoreDataProperties.h */ = {isa = PBXFileReference; fileEncoding = 4; lastKnownFileType = sourcecode.c.h; path = "Player+CoreDataProperties.h"; sourceTree = "<group>"; };
		15BA88BE1D360D7C00730CA6 /* Player+CoreDataProperties.m */ = {isa = PBXFileReference; fileEncoding = 4; lastKnownFileType = sourcecode.c.objc; path = "Player+CoreDataProperties.m"; sourceTree = "<group>"; };
		15BA88BF1D360D7C00730CA6 /* Player.h */ = {isa = PBXFileReference; fileEncoding = 4; lastKnownFileType = sourcecode.c.h; path = Player.h; sourceTree = "<group>"; };
		15BA88C01D360D7C00730CA6 /* Player.m */ = {isa = PBXFileReference; fileEncoding = 4; lastKnownFileType = sourcecode.c.objc; path = Player.m; sourceTree = "<group>"; };
		15BA88C11D360D7C00730CA6 /* TMBPost+CoreDataProperties.h */ = {isa = PBXFileReference; fileEncoding = 4; lastKnownFileType = sourcecode.c.h; path = "TMBPost+CoreDataProperties.h"; sourceTree = "<group>"; };
		15BA88C21D360D7C00730CA6 /* TMBPost+CoreDataProperties.m */ = {isa = PBXFileReference; fileEncoding = 4; lastKnownFileType = sourcecode.c.objc; path = "TMBPost+CoreDataProperties.m"; sourceTree = "<group>"; };
		15BA88C31D360D7C00730CA6 /* TMBPost.h */ = {isa = PBXFileReference; fileEncoding = 4; lastKnownFileType = sourcecode.c.h; path = TMBPost.h; sourceTree = "<group>"; };
		15BA88C41D360D7C00730CA6 /* TMBPost.m */ = {isa = PBXFileReference; fileEncoding = 4; lastKnownFileType = sourcecode.c.objc; path = TMBPost.m; sourceTree = "<group>"; };
		15BA88C51D360D7C00730CA6 /* TMBAudioPost+CoreDataProperties.h */ = {isa = PBXFileReference; fileEncoding = 4; lastKnownFileType = sourcecode.c.h; path = "TMBAudioPost+CoreDataProperties.h"; sourceTree = "<group>"; };
		15BA88C61D360D7C00730CA6 /* TMBAudioPost+CoreDataProperties.m */ = {isa = PBXFileReference; fileEncoding = 4; lastKnownFileType = sourcecode.c.objc; path = "TMBAudioPost+CoreDataProperties.m"; sourceTree = "<group>"; };
		15BA88C71D360D7C00730CA6 /* TMBAudioPost.h */ = {isa = PBXFileReference; fileEncoding = 4; lastKnownFileType = sourcecode.c.h; path = TMBAudioPost.h; sourceTree = "<group>"; };
		15BA88C81D360D7C00730CA6 /* TMBAudioPost.m */ = {isa = PBXFileReference; fileEncoding = 4; lastKnownFileType = sourcecode.c.objc; path = TMBAudioPost.m; sourceTree = "<group>"; };
		15BA88C91D360D7C00730CA6 /* TMBLinkPost+CoreDataProperties.h */ = {isa = PBXFileReference; fileEncoding = 4; lastKnownFileType = sourcecode.c.h; path = "TMBLinkPost+CoreDataProperties.h"; sourceTree = "<group>"; };
		15BA88CA1D360D7C00730CA6 /* TMBLinkPost+CoreDataProperties.m */ = {isa = PBXFileReference; fileEncoding = 4; lastKnownFileType = sourcecode.c.objc; path = "TMBLinkPost+CoreDataProperties.m"; sourceTree = "<group>"; };
		15BA88CB1D360D7C00730CA6 /* TMBLinkPost.h */ = {isa = PBXFileReference; fileEncoding = 4; lastKnownFileType = sourcecode.c.h; path = TMBLinkPost.h; sourceTree = "<group>"; };
		15BA88CC1D360D7C00730CA6 /* TMBLinkPost.m */ = {isa = PBXFileReference; fileEncoding = 4; lastKnownFileType = sourcecode.c.objc; path = TMBLinkPost.m; sourceTree = "<group>"; };
		15BA88CD1D360D7C00730CA6 /* TMBVideoPost+CoreDataProperties.h */ = {isa = PBXFileReference; fileEncoding = 4; lastKnownFileType = sourcecode.c.h; path = "TMBVideoPost+CoreDataProperties.h"; sourceTree = "<group>"; };
		15BA88CE1D360D7C00730CA6 /* TMBVideoPost+CoreDataProperties.m */ = {isa = PBXFileReference; fileEncoding = 4; lastKnownFileType = sourcecode.c.objc; path = "TMBVideoPost+CoreDataProperties.m"; sourceTree = "<group>"; };
		15BA88CF1D360D7C00730CA6 /* TMBVideoPost.h */ = {isa = PBXFileReference; fileEncoding = 4; lastKnownFileType = sourcecode.c.h; path = TMBVideoPost.h; sourceTree = "<group>"; };
		15BA88D01D360D7C00730CA6 /* TMBVideoPost.m */ = {isa = PBXFileReference; fileEncoding = 4; lastKnownFileType = sourcecode.c.objc; path = TMBVideoPost.m; sourceTree = "<group>"; };
		15BA88D11D360D7C00730CA6 /* TMBPhotoPost+CoreDataProperties.h */ = {isa = PBXFileReference; fileEncoding = 4; lastKnownFileType = sourcecode.c.h; path = "TMBPhotoPost+CoreDataProperties.h"; sourceTree = "<group>"; };
		15BA88D21D360D7C00730CA6 /* TMBPhotoPost+CoreDataProperties.m */ = {isa = PBXFileReference; fileEncoding = 4; lastKnownFileType = sourcecode.c.objc; path = "TMBPhotoPost+CoreDataProperties.m"; sourceTree = "<group>"; };
		15BA88D31D360D7C00730CA6 /* TMBPhotoPost.h */ = {isa = PBXFileReference; fileEncoding = 4; lastKnownFileType = sourcecode.c.h; path = TMBPhotoPost.h; sourceTree = "<group>"; };
		15BA88D41D360D7C00730CA6 /* TMBPhotoPost.m */ = {isa = PBXFileReference; fileEncoding = 4; lastKnownFileType = sourcecode.c.objc; path = TMBPhotoPost.m; sourceTree = "<group>"; };
		15BA88D51D360D7C00730CA6 /* TMBQuotePost+CoreDataProperties.h */ = {isa = PBXFileReference; fileEncoding = 4; lastKnownFileType = sourcecode.c.h; path = "TMBQuotePost+CoreDataProperties.h"; sourceTree = "<group>"; };
		15BA88D61D360D7C00730CA6 /* TMBQuotePost+CoreDataProperties.m */ = {isa = PBXFileReference; fileEncoding = 4; lastKnownFileType = sourcecode.c.objc; path = "TMBQuotePost+CoreDataProperties.m"; sourceTree = "<group>"; };
		15BA88D71D360D7C00730CA6 /* TMBQuotePost.h */ = {isa = PBXFileReference; fileEncoding = 4; lastKnownFileType = sourcecode.c.h; path = TMBQuotePost.h; sourceTree = "<group>"; };
		15BA88D81D360D7C00730CA6 /* TMBQuotePost.m */ = {isa = PBXFileReference; fileEncoding = 4; lastKnownFileType = sourcecode.c.objc; path = TMBQuotePost.m; sourceTree = "<group>"; };
		15BA88D91D360D7C00730CA6 /* Dialogue+CoreDataProperties.h */ = {isa = PBXFileReference; fileEncoding = 4; lastKnownFileType = sourcecode.c.h; path = "Dialogue+CoreDataProperties.h"; sourceTree = "<group>"; };
		15BA88DA1D360D7C00730CA6 /* Dialogue+CoreDataProperties.m */ = {isa = PBXFileReference; fileEncoding = 4; lastKnownFileType = sourcecode.c.objc; path = "Dialogue+CoreDataProperties.m"; sourceTree = "<group>"; };
		15BA88DB1D360D7C00730CA6 /* Dialogue.h */ = {isa = PBXFileReference; fileEncoding = 4; lastKnownFileType = sourcecode.c.h; path = Dialogue.h; sourceTree = "<group>"; };
		15BA88DC1D360D7C00730CA6 /* Dialogue.m */ = {isa = PBXFileReference; fileEncoding = 4; lastKnownFileType = sourcecode.c.objc; path = Dialogue.m; sourceTree = "<group>"; };
		15BA88DD1D360D7C00730CA6 /* TMBAnswerPost+CoreDataProperties.h */ = {isa = PBXFileReference; fileEncoding = 4; lastKnownFileType = sourcecode.c.h; path = "TMBAnswerPost+CoreDataProperties.h"; sourceTree = "<group>"; };
		15BA88DE1D360D7C00730CA6 /* TMBAnswerPost+CoreDataProperties.m */ = {isa = PBXFileReference; fileEncoding = 4; lastKnownFileType = sourcecode.c.objc; path = "TMBAnswerPost+CoreDataProperties.m"; sourceTree = "<group>"; };
		15BA88DF1D360D7C00730CA6 /* TMBAnswerPost.h */ = {isa = PBXFileReference; fileEncoding = 4; lastKnownFileType = sourcecode.c.h; path = TMBAnswerPost.h; sourceTree = "<group>"; };
		15BA88E01D360D7C00730CA6 /* TMBAnswerPost.m */ = {isa = PBXFileReference; fileEncoding = 4; lastKnownFileType = sourcecode.c.objc; path = TMBAnswerPost.m; sourceTree = "<group>"; };
		15BA88E11D360D7C00730CA6 /* TMBTextPost+CoreDataProperties.h */ = {isa = PBXFileReference; fileEncoding = 4; lastKnownFileType = sourcecode.c.h; path = "TMBTextPost+CoreDataProperties.h"; sourceTree = "<group>"; };
		15BA88E21D360D7C00730CA6 /* TMBTextPost+CoreDataProperties.m */ = {isa = PBXFileReference; fileEncoding = 4; lastKnownFileType = sourcecode.c.objc; path = "TMBTextPost+CoreDataProperties.m"; sourceTree = "<group>"; };
		15BA88E31D360D7C00730CA6 /* TMBTextPost.h */ = {isa = PBXFileReference; fileEncoding = 4; lastKnownFileType = sourcecode.c.h; path = TMBTextPost.h; sourceTree = "<group>"; };
		15BA88E41D360D7C00730CA6 /* TMBTextPost.m */ = {isa = PBXFileReference; fileEncoding = 4; lastKnownFileType = sourcecode.c.objc; path = TMBTextPost.m; sourceTree = "<group>"; };
		15BA88E51D360D7C00730CA6 /* Photo+CoreDataProperties.h */ = {isa = PBXFileReference; fileEncoding = 4; lastKnownFileType = sourcecode.c.h; path = "Photo+CoreDataProperties.h"; sourceTree = "<group>"; };
		15BA88E61D360D7C00730CA6 /* Photo+CoreDataProperties.m */ = {isa = PBXFileReference; fileEncoding = 4; lastKnownFileType = sourcecode.c.objc; path = "Photo+CoreDataProperties.m"; sourceTree = "<group>"; };
		15BA88E71D360D7C00730CA6 /* Photo.h */ = {isa = PBXFileReference; fileEncoding = 4; lastKnownFileType = sourcecode.c.h; path = Photo.h; sourceTree = "<group>"; };
		15BA88E81D360D7C00730CA6 /* Photo.m */ = {isa = PBXFileReference; fileEncoding = 4; lastKnownFileType = sourcecode.c.objc; path = Photo.m; sourceTree = "<group>"; };
		15BA88E91D360D7C00730CA6 /* TMBChatPost+CoreDataProperties.h */ = {isa = PBXFileReference; fileEncoding = 4; lastKnownFileType = sourcecode.c.h; path = "TMBChatPost+CoreDataProperties.h"; sourceTree = "<group>"; };
		15BA88EA1D360D7C00730CA6 /* TMBChatPost+CoreDataProperties.m */ = {isa = PBXFileReference; fileEncoding = 4; lastKnownFileType = sourcecode.c.objc; path = "TMBChatPost+CoreDataProperties.m"; sourceTree = "<group>"; };
		15BA88EB1D360D7C00730CA6 /* TMBChatPost.h */ = {isa = PBXFileReference; fileEncoding = 4; lastKnownFileType = sourcecode.c.h; path = TMBChatPost.h; sourceTree = "<group>"; };
		15BA88EC1D360D7C00730CA6 /* TMBChatPost.m */ = {isa = PBXFileReference; fileEncoding = 4; lastKnownFileType = sourcecode.c.objc; path = TMBChatPost.m; sourceTree = "<group>"; };
		15BA89061D361E9500730CA6 /* NSDate+TMBDateFormatter.h */ = {isa = PBXFileReference; fileEncoding = 4; lastKnownFileType = sourcecode.c.h; path = "NSDate+TMBDateFormatter.h"; sourceTree = "<group>"; };
		15BA89071D361E9500730CA6 /* NSDate+TMBDateFormatter.m */ = {isa = PBXFileReference; fileEncoding = 4; lastKnownFileType = sourcecode.c.objc; path = "NSDate+TMBDateFormatter.m"; sourceTree = "<group>"; };
		15BA89091D37037300730CA6 /* NSDictionary+TMBDictionaryJSONParser.h */ = {isa = PBXFileReference; fileEncoding = 4; lastKnownFileType = sourcecode.c.h; path = "NSDictionary+TMBDictionaryJSONParser.h"; sourceTree = "<group>"; };
		15BA890A1D37037300730CA6 /* NSDictionary+TMBDictionaryJSONParser.m */ = {isa = PBXFileReference; fileEncoding = 4; lastKnownFileType = sourcecode.c.objc; path = "NSDictionary+TMBDictionaryJSONParser.m"; sourceTree = "<group>"; };
		15BA89141D370AF000730CA6 /* TMBFetchedResultsControllerDelegate.h */ = {isa = PBXFileReference; fileEncoding = 4; lastKnownFileType = sourcecode.c.h; path = TMBFetchedResultsControllerDelegate.h; sourceTree = "<group>"; };
		15BA89151D370AF000730CA6 /* TMBFetchedResultsControllerDelegate.m */ = {isa = PBXFileReference; fileEncoding = 4; lastKnownFileType = sourcecode.c.objc; path = TMBFetchedResultsControllerDelegate.m; sourceTree = "<group>"; };
		15BA89181D370D7E00730CA6 /* TMBDashboardTableViewDataSource.h */ = {isa = PBXFileReference; fileEncoding = 4; lastKnownFileType = sourcecode.c.h; path = TMBDashboardTableViewDataSource.h; sourceTree = "<group>"; };
		15BA89191D370D7E00730CA6 /* TMBDashboardTableViewDataSource.m */ = {isa = PBXFileReference; fileEncoding = 4; lastKnownFileType = sourcecode.c.objc; path = TMBDashboardTableViewDataSource.m; sourceTree = "<group>"; };
		15BEC08B1D387D3F001BAAD7 /* TMBStoryboard.storyboard */ = {isa = PBXFileReference; fileEncoding = 4; lastKnownFileType = file.storyboard; path = TMBStoryboard.storyboard; sourceTree = "<group>"; };
		15BEC0B61D3885CD001BAAD7 /* TMBTypeTableViewController.h */ = {isa = PBXFileReference; fileEncoding = 4; lastKnownFileType = sourcecode.c.h; path = TMBTypeTableViewController.h; sourceTree = "<group>"; };
		15BEC0B71D3885CD001BAAD7 /* TMBTypeTableViewController.m */ = {isa = PBXFileReference; fileEncoding = 4; lastKnownFileType = sourcecode.c.objc; path = TMBTypeTableViewController.m; sourceTree = "<group>"; };
		15BEC0B91D388868001BAAD7 /* TMBTypeTableViewDataSource.h */ = {isa = PBXFileReference; fileEncoding = 4; lastKnownFileType = sourcecode.c.h; path = TMBTypeTableViewDataSource.h; sourceTree = "<group>"; };
		15BEC0BA1D388868001BAAD7 /* TMBTypeTableViewDataSource.m */ = {isa = PBXFileReference; fileEncoding = 4; lastKnownFileType = sourcecode.c.objc; path = TMBTypeTableViewDataSource.m; sourceTree = "<group>"; };
		15BEC0BF1D38A19B001BAAD7 /* TMBBaseViewController.h */ = {isa = PBXFileReference; fileEncoding = 4; lastKnownFileType = sourcecode.c.h; path = TMBBaseViewController.h; sourceTree = "<group>"; };
		15BEC0C01D38A19B001BAAD7 /* TMBBaseViewController.m */ = {isa = PBXFileReference; fileEncoding = 4; lastKnownFileType = sourcecode.c.objc; path = TMBBaseViewController.m; sourceTree = "<group>"; };
		15BEC0C31D38A1C9001BAAD7 /* TMBQuoteViewController.h */ = {isa = PBXFileReference; fileEncoding = 4; lastKnownFileType = sourcecode.c.h; path = TMBQuoteViewController.h; sourceTree = "<group>"; };
		15BEC0C41D38A1C9001BAAD7 /* TMBQuoteViewController.m */ = {isa = PBXFileReference; fileEncoding = 4; lastKnownFileType = sourcecode.c.objc; path = TMBQuoteViewController.m; sourceTree = "<group>"; };
		15BEC0C71D38AB58001BAAD7 /* TMBBaseLabel.h */ = {isa = PBXFileReference; fileEncoding = 4; lastKnownFileType = sourcecode.c.h; path = TMBBaseLabel.h; sourceTree = "<group>"; };
		15BEC0C81D38AB58001BAAD7 /* TMBBaseLabel.m */ = {isa = PBXFileReference; fileEncoding = 4; lastKnownFileType = sourcecode.c.objc; path = TMBBaseLabel.m; sourceTree = "<group>"; };
		15BEC0CB1D38AC7B001BAAD7 /* TMBThemeManager.h */ = {isa = PBXFileReference; fileEncoding = 4; lastKnownFileType = sourcecode.c.h; path = TMBThemeManager.h; sourceTree = "<group>"; };
		15BEC0CC1D38AC7B001BAAD7 /* TMBThemeManager.m */ = {isa = PBXFileReference; fileEncoding = 4; lastKnownFileType = sourcecode.c.objc; path = TMBThemeManager.m; sourceTree = "<group>"; };
		15BEC0CE1D38B6D9001BAAD7 /* TMBBaseTextView.h */ = {isa = PBXFileReference; fileEncoding = 4; lastKnownFileType = sourcecode.c.h; path = TMBBaseTextView.h; sourceTree = "<group>"; };
		15BEC0CF1D38B6D9001BAAD7 /* TMBBaseTextView.m */ = {isa = PBXFileReference; fileEncoding = 4; lastKnownFileType = sourcecode.c.objc; path = TMBBaseTextView.m; sourceTree = "<group>"; };
		15BEC0D11D38BAF2001BAAD7 /* TMBTextViewController.h */ = {isa = PBXFileReference; fileEncoding = 4; lastKnownFileType = sourcecode.c.h; path = TMBTextViewController.h; sourceTree = "<group>"; };
		15BEC0D21D38BAF2001BAAD7 /* TMBTextViewController.m */ = {isa = PBXFileReference; fileEncoding = 4; lastKnownFileType = sourcecode.c.objc; path = TMBTextViewController.m; sourceTree = "<group>"; };
		15BEC0D41D38BB6B001BAAD7 /* NSString+TMBHTMLString.h */ = {isa = PBXFileReference; fileEncoding = 4; lastKnownFileType = sourcecode.c.h; path = "NSString+TMBHTMLString.h"; sourceTree = "<group>"; };
		15BEC0D51D38BB6B001BAAD7 /* NSString+TMBHTMLString.m */ = {isa = PBXFileReference; fileEncoding = 4; lastKnownFileType = sourcecode.c.objc; path = "NSString+TMBHTMLString.m"; sourceTree = "<group>"; };
		15FAB26D1D3744CA00119ECA /* Image+CoreDataProperties.h */ = {isa = PBXFileReference; fileEncoding = 4; lastKnownFileType = sourcecode.c.h; path = "Image+CoreDataProperties.h"; sourceTree = "<group>"; };
		15FAB26E1D3744CA00119ECA /* Image+CoreDataProperties.m */ = {isa = PBXFileReference; fileEncoding = 4; lastKnownFileType = sourcecode.c.objc; path = "Image+CoreDataProperties.m"; sourceTree = "<group>"; };
		15FAB26F1D3744CA00119ECA /* Image.h */ = {isa = PBXFileReference; fileEncoding = 4; lastKnownFileType = sourcecode.c.h; path = Image.h; sourceTree = "<group>"; };
		15FAB2701D3744CA00119ECA /* Image.m */ = {isa = PBXFileReference; fileEncoding = 4; lastKnownFileType = sourcecode.c.objc; path = Image.m; sourceTree = "<group>"; };
		3424B5F01852206A00E9B739 /* Tumblrbot.app */ = {isa = PBXFileReference; explicitFileType = wrapper.application; includeInIndex = 0; path = Tumblrbot.app; sourceTree = BUILT_PRODUCTS_DIR; };
		3424B5F31852206A00E9B739 /* Foundation.framework */ = {isa = PBXFileReference; lastKnownFileType = wrapper.framework; name = Foundation.framework; path = System/Library/Frameworks/Foundation.framework; sourceTree = SDKROOT; };
		3424B5F51852206A00E9B739 /* CoreGraphics.framework */ = {isa = PBXFileReference; lastKnownFileType = wrapper.framework; name = CoreGraphics.framework; path = System/Library/Frameworks/CoreGraphics.framework; sourceTree = SDKROOT; };
		3424B5F71852206A00E9B739 /* UIKit.framework */ = {isa = PBXFileReference; lastKnownFileType = wrapper.framework; name = UIKit.framework; path = System/Library/Frameworks/UIKit.framework; sourceTree = SDKROOT; };
		3424B5F91852206A00E9B739 /* CoreData.framework */ = {isa = PBXFileReference; lastKnownFileType = wrapper.framework; name = CoreData.framework; path = System/Library/Frameworks/CoreData.framework; sourceTree = SDKROOT; };
		3424B5FD1852206A00E9B739 /* Tumblrbot-Info.plist */ = {isa = PBXFileReference; lastKnownFileType = text.plist.xml; path = "Tumblrbot-Info.plist"; sourceTree = "<group>"; };
		3424B5FF1852206A00E9B739 /* en */ = {isa = PBXFileReference; lastKnownFileType = text.plist.strings; name = en; path = en.lproj/InfoPlist.strings; sourceTree = "<group>"; };
		3424B6011852206A00E9B739 /* main.m */ = {isa = PBXFileReference; lastKnownFileType = sourcecode.c.objc; path = main.m; sourceTree = "<group>"; };
		3424B6031852206A00E9B739 /* Tumblrbot-Prefix.pch */ = {isa = PBXFileReference; lastKnownFileType = sourcecode.c.h; path = "Tumblrbot-Prefix.pch"; sourceTree = "<group>"; };
		3424B6041852206A00E9B739 /* TMBAppDelegate.h */ = {isa = PBXFileReference; lastKnownFileType = sourcecode.c.h; path = TMBAppDelegate.h; sourceTree = "<group>"; };
		3424B6051852206A00E9B739 /* TMBAppDelegate.m */ = {isa = PBXFileReference; lastKnownFileType = sourcecode.c.objc; path = TMBAppDelegate.m; sourceTree = "<group>"; };
		3424B6081852206A00E9B739 /* Tumblrbot.xcdatamodel */ = {isa = PBXFileReference; lastKnownFileType = wrapper.xcdatamodel; path = Tumblrbot.xcdatamodel; sourceTree = "<group>"; };
		3424B60A1852206A00E9B739 /* Images.xcassets */ = {isa = PBXFileReference; lastKnownFileType = folder.assetcatalog; path = Images.xcassets; sourceTree = "<group>"; };
		3424B6111852206A00E9B739 /* XCTest.framework */ = {isa = PBXFileReference; lastKnownFileType = wrapper.framework; name = XCTest.framework; path = Library/Frameworks/XCTest.framework; sourceTree = DEVELOPER_DIR; };
		66FB4E89C57845F9BD36ADCA /* libPods.a */ = {isa = PBXFileReference; explicitFileType = archive.ar; includeInIndex = 0; path = libPods.a; sourceTree = BUILT_PRODUCTS_DIR; };
		C04F9E300A564B69AD58676D /* Pods.xcconfig */ = {isa = PBXFileReference; includeInIndex = 1; lastKnownFileType = text.xcconfig; name = Pods.xcconfig; path = Pods/Pods.xcconfig; sourceTree = "<group>"; };
		DA12C1631D3939CF00447A1A /* TMBLinkViewController.h */ = {isa = PBXFileReference; fileEncoding = 4; lastKnownFileType = sourcecode.c.h; path = TMBLinkViewController.h; sourceTree = "<group>"; };
		DA12C1641D3939CF00447A1A /* TMBLinkViewController.m */ = {isa = PBXFileReference; fileEncoding = 4; lastKnownFileType = sourcecode.c.objc; path = TMBLinkViewController.m; sourceTree = "<group>"; };
		DA12C1661D3945D800447A1A /* TMBVideoViewController.h */ = {isa = PBXFileReference; fileEncoding = 4; lastKnownFileType = sourcecode.c.h; path = TMBVideoViewController.h; sourceTree = "<group>"; };
		DA12C1671D3945D800447A1A /* TMBVideoViewController.m */ = {isa = PBXFileReference; fileEncoding = 4; lastKnownFileType = sourcecode.c.objc; path = TMBVideoViewController.m; sourceTree = "<group>"; };
		DA12C16E1D3954D400447A1A /* TMBAnswerViewController.h */ = {isa = PBXFileReference; fileEncoding = 4; lastKnownFileType = sourcecode.c.h; path = TMBAnswerViewController.h; sourceTree = "<group>"; };
		DA12C16F1D3954D400447A1A /* TMBAnswerViewController.m */ = {isa = PBXFileReference; fileEncoding = 4; lastKnownFileType = sourcecode.c.objc; path = TMBAnswerViewController.m; sourceTree = "<group>"; };
		DA12C1731D397A1100447A1A /* TMBChatTableViewController.h */ = {isa = PBXFileReference; fileEncoding = 4; lastKnownFileType = sourcecode.c.h; path = TMBChatTableViewController.h; sourceTree = "<group>"; };
		DA12C1741D397A1100447A1A /* TMBChatTableViewController.m */ = {isa = PBXFileReference; fileEncoding = 4; lastKnownFileType = sourcecode.c.objc; path = TMBChatTableViewController.m; sourceTree = "<group>"; };
		DA12C1761D39823600447A1A /* TMBChatTableViewCell.h */ = {isa = PBXFileReference; fileEncoding = 4; lastKnownFileType = sourcecode.c.h; path = TMBChatTableViewCell.h; sourceTree = "<group>"; };
		DA12C1771D39823600447A1A /* TMBChatTableViewCell.m */ = {isa = PBXFileReference; fileEncoding = 4; lastKnownFileType = sourcecode.c.objc; path = TMBChatTableViewCell.m; sourceTree = "<group>"; };
		DA12C1791D399FC800447A1A /* TMBAudioViewController.h */ = {isa = PBXFileReference; fileEncoding = 4; lastKnownFileType = sourcecode.c.h; path = TMBAudioViewController.h; sourceTree = "<group>"; };
		DA12C17A1D399FC800447A1A /* TMBAudioViewController.m */ = {isa = PBXFileReference; fileEncoding = 4; lastKnownFileType = sourcecode.c.objc; path = TMBAudioViewController.m; sourceTree = "<group>"; };
		DA12C17C1D3A0AB400447A1A /* TMBPhotoTableViewController.h */ = {isa = PBXFileReference; fileEncoding = 4; lastKnownFileType = sourcecode.c.h; path = TMBPhotoTableViewController.h; sourceTree = "<group>"; };
		DA12C17D1D3A0AB400447A1A /* TMBPhotoTableViewController.m */ = {isa = PBXFileReference; fileEncoding = 4; lastKnownFileType = sourcecode.c.objc; path = TMBPhotoTableViewController.m; sourceTree = "<group>"; };
		DA12C17F1D3A0C4300447A1A /* TMBPhotoTableViewCell.h */ = {isa = PBXFileReference; fileEncoding = 4; lastKnownFileType = sourcecode.c.h; path = TMBPhotoTableViewCell.h; sourceTree = "<group>"; };
		DA12C1801D3A0C4300447A1A /* TMBPhotoTableViewCell.m */ = {isa = PBXFileReference; fileEncoding = 4; lastKnownFileType = sourcecode.c.objc; path = TMBPhotoTableViewCell.m; sourceTree = "<group>"; };
		DA12C1851D3AFB4900447A1A /* TMBChatTableViewDataSource.h */ = {isa = PBXFileReference; fileEncoding = 4; lastKnownFileType = sourcecode.c.h; path = TMBChatTableViewDataSource.h; sourceTree = "<group>"; };
		DA12C1861D3AFB4900447A1A /* TMBChatTableViewDataSource.m */ = {isa = PBXFileReference; fileEncoding = 4; lastKnownFileType = sourcecode.c.objc; path = TMBChatTableViewDataSource.m; sourceTree = "<group>"; };
		DA12C1881D3AFE6000447A1A /* TMBPhotoTableViewDataSource.h */ = {isa = PBXFileReference; fileEncoding = 4; lastKnownFileType = sourcecode.c.h; path = TMBPhotoTableViewDataSource.h; sourceTree = "<group>"; };
		DA12C1891D3AFE6000447A1A /* TMBPhotoTableViewDataSource.m */ = {isa = PBXFileReference; fileEncoding = 4; lastKnownFileType = sourcecode.c.objc; path = TMBPhotoTableViewDataSource.m; sourceTree = "<group>"; };
		DA12C18B1D3B032900447A1A /* TMBTextBaseViewController.h */ = {isa = PBXFileReference; fileEncoding = 4; lastKnownFileType = sourcecode.c.h; path = TMBTextBaseViewController.h; sourceTree = "<group>"; };
		DA12C18C1D3B032900447A1A /* TMBTextBaseViewController.m */ = {isa = PBXFileReference; fileEncoding = 4; lastKnownFileType = sourcecode.c.objc; path = TMBTextBaseViewController.m; sourceTree = "<group>"; };
		DA12C18E1D3B04BD00447A1A /* TMBMediaBaseViewController.h */ = {isa = PBXFileReference; fileEncoding = 4; lastKnownFileType = sourcecode.c.h; path = TMBMediaBaseViewController.h; sourceTree = "<group>"; };
		DA12C18F1D3B04BD00447A1A /* TMBMediaBaseViewController.m */ = {isa = PBXFileReference; fileEncoding = 4; lastKnownFileType = sourcecode.c.objc; path = TMBMediaBaseViewController.m; sourceTree = "<group>"; };
		DA12C1911D3B09CF00447A1A /* TMBBaseDetailTableViewController.h */ = {isa = PBXFileReference; fileEncoding = 4; lastKnownFileType = sourcecode.c.h; path = TMBBaseDetailTableViewController.h; sourceTree = "<group>"; };
		DA12C1921D3B09CF00447A1A /* TMBBaseDetailTableViewController.m */ = {isa = PBXFileReference; fileEncoding = 4; lastKnownFileType = sourcecode.c.objc; path = TMBBaseDetailTableViewController.m; sourceTree = "<group>"; };
/* End PBXFileReference section */

/* Begin PBXFrameworksBuildPhase section */
		3424B5ED1852206900E9B739 /* Frameworks */ = {
			isa = PBXFrameworksBuildPhase;
			buildActionMask = 2147483647;
			files = (
				3424B5F61852206A00E9B739 /* CoreGraphics.framework in Frameworks */,
				3424B5FA1852206A00E9B739 /* CoreData.framework in Frameworks */,
				3424B5F81852206A00E9B739 /* UIKit.framework in Frameworks */,
				3424B5F41852206A00E9B739 /* Foundation.framework in Frameworks */,
				BFC1BED3E48C403D99D65F82 /* libPods.a in Frameworks */,
			);
			runOnlyForDeploymentPostprocessing = 0;
		};
/* End PBXFrameworksBuildPhase section */

/* Begin PBXGroup section */
		156FEA941D3BF919008A82FF /* API */ = {
			isa = PBXGroup;
			children = (
				156FEA951D3C0FA4008A82FF /* TMBAPIResponseHelper.h */,
				156FEA961D3C0FA4008A82FF /* TMBAPIResponseHelper.m */,
			);
			name = API;
			sourceTree = "<group>";
		};
		15BA88741D36028400730CA6 /* Core Data */ = {
			isa = PBXGroup;
			children = (
				1528D8B61D2F726200008628 /* TMBCoreDataStackManager.h */,
				1528D8B71D2F726200008628 /* TMBCoreDataStackManager.m */,
				3424B6071852206A00E9B739 /* Tumblrbot.xcdatamodeld */,
				15BA88BD1D360D7C00730CA6 /* Player+CoreDataProperties.h */,
				15BA88BE1D360D7C00730CA6 /* Player+CoreDataProperties.m */,
				15BA88BF1D360D7C00730CA6 /* Player.h */,
				15BA88C01D360D7C00730CA6 /* Player.m */,
				15BA88C11D360D7C00730CA6 /* TMBPost+CoreDataProperties.h */,
				15BA88C21D360D7C00730CA6 /* TMBPost+CoreDataProperties.m */,
				15BA88C31D360D7C00730CA6 /* TMBPost.h */,
				15BA88C41D360D7C00730CA6 /* TMBPost.m */,
				15BA88C51D360D7C00730CA6 /* TMBAudioPost+CoreDataProperties.h */,
				15BA88C61D360D7C00730CA6 /* TMBAudioPost+CoreDataProperties.m */,
				15BA88C71D360D7C00730CA6 /* TMBAudioPost.h */,
				15BA88C81D360D7C00730CA6 /* TMBAudioPost.m */,
				15BA88C91D360D7C00730CA6 /* TMBLinkPost+CoreDataProperties.h */,
				15BA88CA1D360D7C00730CA6 /* TMBLinkPost+CoreDataProperties.m */,
				15BA88CB1D360D7C00730CA6 /* TMBLinkPost.h */,
				15BA88CC1D360D7C00730CA6 /* TMBLinkPost.m */,
				15BA88CD1D360D7C00730CA6 /* TMBVideoPost+CoreDataProperties.h */,
				15BA88CE1D360D7C00730CA6 /* TMBVideoPost+CoreDataProperties.m */,
				15BA88CF1D360D7C00730CA6 /* TMBVideoPost.h */,
				15BA88D01D360D7C00730CA6 /* TMBVideoPost.m */,
				15BA88D11D360D7C00730CA6 /* TMBPhotoPost+CoreDataProperties.h */,
				15BA88D21D360D7C00730CA6 /* TMBPhotoPost+CoreDataProperties.m */,
				15BA88D31D360D7C00730CA6 /* TMBPhotoPost.h */,
				15BA88D41D360D7C00730CA6 /* TMBPhotoPost.m */,
				15BA88D51D360D7C00730CA6 /* TMBQuotePost+CoreDataProperties.h */,
				15BA88D61D360D7C00730CA6 /* TMBQuotePost+CoreDataProperties.m */,
				15BA88D71D360D7C00730CA6 /* TMBQuotePost.h */,
				15BA88D81D360D7C00730CA6 /* TMBQuotePost.m */,
				15BA88D91D360D7C00730CA6 /* Dialogue+CoreDataProperties.h */,
				15BA88DA1D360D7C00730CA6 /* Dialogue+CoreDataProperties.m */,
				15BA88DB1D360D7C00730CA6 /* Dialogue.h */,
				15BA88DC1D360D7C00730CA6 /* Dialogue.m */,
				15BA88DD1D360D7C00730CA6 /* TMBAnswerPost+CoreDataProperties.h */,
				15BA88DE1D360D7C00730CA6 /* TMBAnswerPost+CoreDataProperties.m */,
				15BA88DF1D360D7C00730CA6 /* TMBAnswerPost.h */,
				15BA88E01D360D7C00730CA6 /* TMBAnswerPost.m */,
				15BA88E11D360D7C00730CA6 /* TMBTextPost+CoreDataProperties.h */,
				15BA88E21D360D7C00730CA6 /* TMBTextPost+CoreDataProperties.m */,
				15BA88E31D360D7C00730CA6 /* TMBTextPost.h */,
				15BA88E41D360D7C00730CA6 /* TMBTextPost.m */,
				15BA88E51D360D7C00730CA6 /* Photo+CoreDataProperties.h */,
				15BA88E61D360D7C00730CA6 /* Photo+CoreDataProperties.m */,
				15BA88E71D360D7C00730CA6 /* Photo.h */,
				15BA88E81D360D7C00730CA6 /* Photo.m */,
				15BA88E91D360D7C00730CA6 /* TMBChatPost+CoreDataProperties.h */,
				15BA88EA1D360D7C00730CA6 /* TMBChatPost+CoreDataProperties.m */,
				15BA88EB1D360D7C00730CA6 /* TMBChatPost.h */,
				15BA88EC1D360D7C00730CA6 /* TMBChatPost.m */,
				15FAB26D1D3744CA00119ECA /* Image+CoreDataProperties.h */,
				15FAB26E1D3744CA00119ECA /* Image+CoreDataProperties.m */,
				15FAB26F1D3744CA00119ECA /* Image.h */,
				15FAB2701D3744CA00119ECA /* Image.m */,
			);
			name = "Core Data";
			sourceTree = "<group>";
		};
		15BA890C1D370A3E00730CA6 /* Categories */ = {
			isa = PBXGroup;
			children = (
				15BA89061D361E9500730CA6 /* NSDate+TMBDateFormatter.h */,
				15BA89071D361E9500730CA6 /* NSDate+TMBDateFormatter.m */,
				15BA89091D37037300730CA6 /* NSDictionary+TMBDictionaryJSONParser.h */,
				15BA890A1D37037300730CA6 /* NSDictionary+TMBDictionaryJSONParser.m */,
				15BEC0D41D38BB6B001BAAD7 /* NSString+TMBHTMLString.h */,
				15BEC0D51D38BB6B001BAAD7 /* NSString+TMBHTMLString.m */,
			);
			name = Categories;
			sourceTree = "<group>";
		};
		15BA890D1D370A5000730CA6 /* AppDelegate */ = {
			isa = PBXGroup;
			children = (
				3424B6041852206A00E9B739 /* TMBAppDelegate.h */,
				3424B6051852206A00E9B739 /* TMBAppDelegate.m */,
			);
			name = AppDelegate;
			sourceTree = "<group>";
		};
		15BA890E1D370A5E00730CA6 /* Views */ = {
			isa = PBXGroup;
			children = (
				15BEC0C61D38AB46001BAAD7 /* Base */,
				15BA890F1D370A6B00730CA6 /* Cells */,
			);
			name = Views;
			sourceTree = "<group>";
		};
		15BA890F1D370A6B00730CA6 /* Cells */ = {
			isa = PBXGroup;
			children = (
				15BA87CC1D33E03D00730CA6 /* TMBDashboardTableViewCell.h */,
				15BA87CD1D33E03D00730CA6 /* TMBDashboardTableViewCell.m */,
				DA12C1761D39823600447A1A /* TMBChatTableViewCell.h */,
				DA12C1771D39823600447A1A /* TMBChatTableViewCell.m */,
				DA12C17F1D3A0C4300447A1A /* TMBPhotoTableViewCell.h */,
				DA12C1801D3A0C4300447A1A /* TMBPhotoTableViewCell.m */,
			);
			name = Cells;
			sourceTree = "<group>";
		};
		15BA89121D370A9500730CA6 /* Controllers */ = {
			isa = PBXGroup;
			children = (
				15BEC0C21D38A1AB001BAAD7 /* Base */,
				DA12C1721D39598200447A1A /* Detail */,
				DA12C1711D39597D00447A1A /* Main */,
			);
			name = Controllers;
			sourceTree = "<group>";
		};
		15BA89131D370AC900730CA6 /* Delegates */ = {
			isa = PBXGroup;
			children = (
				15BA89141D370AF000730CA6 /* TMBFetchedResultsControllerDelegate.h */,
				15BA89151D370AF000730CA6 /* TMBFetchedResultsControllerDelegate.m */,
				156FEA911D3BF54F008A82FF /* TMBDashboardTableViewDelegate.h */,
				156FEA921D3BF54F008A82FF /* TMBDashboardTableViewDelegate.m */,
			);
			name = Delegates;
			sourceTree = "<group>";
		};
		15BA89171D370D5C00730CA6 /* DataSource */ = {
			isa = PBXGroup;
			children = (
				15BA89181D370D7E00730CA6 /* TMBDashboardTableViewDataSource.h */,
				15BA89191D370D7E00730CA6 /* TMBDashboardTableViewDataSource.m */,
				15BEC0B91D388868001BAAD7 /* TMBTypeTableViewDataSource.h */,
				15BEC0BA1D388868001BAAD7 /* TMBTypeTableViewDataSource.m */,
				DA12C1851D3AFB4900447A1A /* TMBChatTableViewDataSource.h */,
				DA12C1861D3AFB4900447A1A /* TMBChatTableViewDataSource.m */,
				DA12C1881D3AFE6000447A1A /* TMBPhotoTableViewDataSource.h */,
				DA12C1891D3AFE6000447A1A /* TMBPhotoTableViewDataSource.m */,
			);
			name = DataSource;
			sourceTree = "<group>";
		};
		15BEC0C21D38A1AB001BAAD7 /* Base */ = {
			isa = PBXGroup;
			children = (
				15BEC0BF1D38A19B001BAAD7 /* TMBBaseViewController.h */,
				15BEC0C01D38A19B001BAAD7 /* TMBBaseViewController.m */,
				DA12C18B1D3B032900447A1A /* TMBTextBaseViewController.h */,
				DA12C18C1D3B032900447A1A /* TMBTextBaseViewController.m */,
				DA12C18E1D3B04BD00447A1A /* TMBMediaBaseViewController.h */,
				DA12C18F1D3B04BD00447A1A /* TMBMediaBaseViewController.m */,
				DA12C1911D3B09CF00447A1A /* TMBBaseDetailTableViewController.h */,
				DA12C1921D3B09CF00447A1A /* TMBBaseDetailTableViewController.m */,
				1521416A1D3B3D1600A2EFAE /* TMBBaseTableViewController.h */,
				1521416B1D3B3D1600A2EFAE /* TMBBaseTableViewController.m */,
			);
			name = Base;
			sourceTree = "<group>";
		};
		15BEC0C61D38AB46001BAAD7 /* Base */ = {
			isa = PBXGroup;
			children = (
				15BEC0C71D38AB58001BAAD7 /* TMBBaseLabel.h */,
				15BEC0C81D38AB58001BAAD7 /* TMBBaseLabel.m */,
				15BEC0CE1D38B6D9001BAAD7 /* TMBBaseTextView.h */,
				15BEC0CF1D38B6D9001BAAD7 /* TMBBaseTextView.m */,
			);
			name = Base;
			sourceTree = "<group>";
		};
		15BEC0CA1D38AC16001BAAD7 /* Helpers */ = {
			isa = PBXGroup;
			children = (
				15BEC0CB1D38AC7B001BAAD7 /* TMBThemeManager.h */,
				15BEC0CC1D38AC7B001BAAD7 /* TMBThemeManager.m */,
			);
			name = Helpers;
			sourceTree = "<group>";
		};
		3424B5E71852206900E9B739 = {
			isa = PBXGroup;
			children = (
				3424B5FB1852206A00E9B739 /* Tumblrbot */,
				3424B5F21852206A00E9B739 /* Frameworks */,
				3424B5F11852206A00E9B739 /* Products */,
				3424B5FC1852206A00E9B739 /* Supporting Files */,
				C04F9E300A564B69AD58676D /* Pods.xcconfig */,
			);
			sourceTree = "<group>";
		};
		3424B5F11852206A00E9B739 /* Products */ = {
			isa = PBXGroup;
			children = (
				3424B5F01852206A00E9B739 /* Tumblrbot.app */,
			);
			name = Products;
			sourceTree = "<group>";
		};
		3424B5F21852206A00E9B739 /* Frameworks */ = {
			isa = PBXGroup;
			children = (
				3424B5F31852206A00E9B739 /* Foundation.framework */,
				3424B5F51852206A00E9B739 /* CoreGraphics.framework */,
				3424B5F71852206A00E9B739 /* UIKit.framework */,
				3424B5F91852206A00E9B739 /* CoreData.framework */,
				3424B6111852206A00E9B739 /* XCTest.framework */,
				66FB4E89C57845F9BD36ADCA /* libPods.a */,
			);
			name = Frameworks;
			sourceTree = "<group>";
		};
		3424B5FB1852206A00E9B739 /* Tumblrbot */ = {
			isa = PBXGroup;
			children = (
				156FEA941D3BF919008A82FF /* API */,
				15BA890D1D370A5000730CA6 /* AppDelegate */,
				15BA890C1D370A3E00730CA6 /* Categories */,
				15BA89121D370A9500730CA6 /* Controllers */,
				15BA88741D36028400730CA6 /* Core Data */,
				15BA89171D370D5C00730CA6 /* DataSource */,
				15BA89131D370AC900730CA6 /* Delegates */,
				15BEC0CA1D38AC16001BAAD7 /* Helpers */,
				15BA890E1D370A5E00730CA6 /* Views */,
				DA12C1691D394B6300447A1A /* Storyboards */,
			);
			path = Tumblrbot;
			sourceTree = "<group>";
		};
		3424B5FC1852206A00E9B739 /* Supporting Files */ = {
			isa = PBXGroup;
			children = (
				3424B60A1852206A00E9B739 /* Images.xcassets */,
				3424B5FD1852206A00E9B739 /* Tumblrbot-Info.plist */,
				3424B5FE1852206A00E9B739 /* InfoPlist.strings */,
				3424B6011852206A00E9B739 /* main.m */,
				3424B6031852206A00E9B739 /* Tumblrbot-Prefix.pch */,
			);
			name = "Supporting Files";
			path = Tumblrbot;
			sourceTree = "<group>";
		};
		DA12C1691D394B6300447A1A /* Storyboards */ = {
			isa = PBXGroup;
			children = (
				15BEC08B1D387D3F001BAAD7 /* TMBStoryboard.storyboard */,
			);
			name = Storyboards;
			sourceTree = "<group>";
		};
		DA12C1711D39597D00447A1A /* Main */ = {
			isa = PBXGroup;
			children = (
				15BA87CE1D33E03D00730CA6 /* TMBDashboardTableViewController.h */,
				15BA87CF1D33E03D00730CA6 /* TMBDashboardTableViewController.m */,
				15BEC0B61D3885CD001BAAD7 /* TMBTypeTableViewController.h */,
				15BEC0B71D3885CD001BAAD7 /* TMBTypeTableViewController.m */,
			);
			name = Main;
			sourceTree = "<group>";
		};
		DA12C1721D39598200447A1A /* Detail */ = {
			isa = PBXGroup;
			children = (
				DA12C1821D3AFA4100447A1A /* Media */,
				DA12C1831D3AFA5600447A1A /* Table */,
				DA12C1841D3AFA6700447A1A /* Text */,
			);
			name = Detail;
			sourceTree = "<group>";
		};
		DA12C1821D3AFA4100447A1A /* Media */ = {
			isa = PBXGroup;
			children = (
				DA12C1661D3945D800447A1A /* TMBVideoViewController.h */,
				DA12C1671D3945D800447A1A /* TMBVideoViewController.m */,
				DA12C1791D399FC800447A1A /* TMBAudioViewController.h */,
				DA12C17A1D399FC800447A1A /* TMBAudioViewController.m */,
			);
			name = Media;
			sourceTree = "<group>";
		};
		DA12C1831D3AFA5600447A1A /* Table */ = {
			isa = PBXGroup;
			children = (
				DA12C1731D397A1100447A1A /* TMBChatTableViewController.h */,
				DA12C1741D397A1100447A1A /* TMBChatTableViewController.m */,
				DA12C17C1D3A0AB400447A1A /* TMBPhotoTableViewController.h */,
				DA12C17D1D3A0AB400447A1A /* TMBPhotoTableViewController.m */,
			);
			name = Table;
			sourceTree = "<group>";
		};
		DA12C1841D3AFA6700447A1A /* Text */ = {
			isa = PBXGroup;
			children = (
				15BEC0C31D38A1C9001BAAD7 /* TMBQuoteViewController.h */,
				15BEC0C41D38A1C9001BAAD7 /* TMBQuoteViewController.m */,
				15BEC0D11D38BAF2001BAAD7 /* TMBTextViewController.h */,
				15BEC0D21D38BAF2001BAAD7 /* TMBTextViewController.m */,
				DA12C1631D3939CF00447A1A /* TMBLinkViewController.h */,
				DA12C1641D3939CF00447A1A /* TMBLinkViewController.m */,
				DA12C16E1D3954D400447A1A /* TMBAnswerViewController.h */,
				DA12C16F1D3954D400447A1A /* TMBAnswerViewController.m */,
			);
			name = Text;
			sourceTree = "<group>";
		};
/* End PBXGroup section */

/* Begin PBXNativeTarget section */
		3424B5EF1852206900E9B739 /* Tumblrbot */ = {
			isa = PBXNativeTarget;
			buildConfigurationList = 3424B6221852206A00E9B739 /* Build configuration list for PBXNativeTarget "Tumblrbot" */;
			buildPhases = (
				FBC3B1EFE7F74D77A6A4FAAC /* Check Pods Manifest.lock */,
				3424B5EC1852206900E9B739 /* Sources */,
				3424B5ED1852206900E9B739 /* Frameworks */,
				3424B5EE1852206900E9B739 /* Resources */,
				A65E1E632B1F4039846D33C7 /* Copy Pods Resources */,
			);
			buildRules = (
			);
			dependencies = (
			);
			name = Tumblrbot;
			productName = Tumblrbot;
			productReference = 3424B5F01852206A00E9B739 /* Tumblrbot.app */;
			productType = "com.apple.product-type.application";
		};
/* End PBXNativeTarget section */

/* Begin PBXProject section */
		3424B5E81852206900E9B739 /* Project object */ = {
			isa = PBXProject;
			attributes = {
				CLASSPREFIX = TMB;
				LastUpgradeCheck = 0730;
				ORGANIZATIONNAME = "Matthew Bischoff";
			};
			buildConfigurationList = 3424B5EB1852206900E9B739 /* Build configuration list for PBXProject "Tumblrbot" */;
			compatibilityVersion = "Xcode 3.2";
			developmentRegion = English;
			hasScannedForEncodings = 0;
			knownRegions = (
				en,
			);
			mainGroup = 3424B5E71852206900E9B739;
			productRefGroup = 3424B5F11852206A00E9B739 /* Products */;
			projectDirPath = "";
			projectRoot = "";
			targets = (
				3424B5EF1852206900E9B739 /* Tumblrbot */,
			);
		};
/* End PBXProject section */

/* Begin PBXResourcesBuildPhase section */
		3424B5EE1852206900E9B739 /* Resources */ = {
			isa = PBXResourcesBuildPhase;
			buildActionMask = 2147483647;
			files = (
				3424B6001852206A00E9B739 /* InfoPlist.strings in Resources */,
				15BEC08C1D387D3F001BAAD7 /* TMBStoryboard.storyboard in Resources */,
				3424B60B1852206A00E9B739 /* Images.xcassets in Resources */,
			);
			runOnlyForDeploymentPostprocessing = 0;
		};
/* End PBXResourcesBuildPhase section */

/* Begin PBXShellScriptBuildPhase section */
		A65E1E632B1F4039846D33C7 /* Copy Pods Resources */ = {
			isa = PBXShellScriptBuildPhase;
			buildActionMask = 2147483647;
			files = (
			);
			inputPaths = (
			);
			name = "Copy Pods Resources";
			outputPaths = (
			);
			runOnlyForDeploymentPostprocessing = 0;
			shellPath = /bin/sh;
			shellScript = "\"${SRCROOT}/Pods/Pods-resources.sh\"\n";
			showEnvVarsInLog = 0;
		};
		FBC3B1EFE7F74D77A6A4FAAC /* Check Pods Manifest.lock */ = {
			isa = PBXShellScriptBuildPhase;
			buildActionMask = 2147483647;
			files = (
			);
			inputPaths = (
			);
			name = "Check Pods Manifest.lock";
			outputPaths = (
			);
			runOnlyForDeploymentPostprocessing = 0;
			shellPath = /bin/sh;
			shellScript = "diff \"${PODS_ROOT}/../Podfile.lock\" \"${PODS_ROOT}/Manifest.lock\" > /dev/null\nif [[ $? != 0 ]] ; then\n    cat << EOM\nerror: The sandbox is not in sync with the Podfile.lock. Run 'pod install' or update your CocoaPods installation.\nEOM\n    exit 1\nfi\n";
			showEnvVarsInLog = 0;
		};
/* End PBXShellScriptBuildPhase section */

/* Begin PBXSourcesBuildPhase section */
		3424B5EC1852206900E9B739 /* Sources */ = {
			isa = PBXSourcesBuildPhase;
			buildActionMask = 2147483647;
			files = (
				15BA89161D370AF000730CA6 /* TMBFetchedResultsControllerDelegate.m in Sources */,
				15BA88FB1D360D7C00730CA6 /* Dialogue+CoreDataProperties.m in Sources */,
				15FAB2711D3744CA00119ECA /* Image+CoreDataProperties.m in Sources */,
				15BEC0C51D38A1C9001BAAD7 /* TMBQuoteViewController.m in Sources */,
				15BA87D11D33E03D00730CA6 /* TMBDashboardTableViewController.m in Sources */,
				15BA88F01D360D7C00730CA6 /* TMBPost.m in Sources */,
				3424B6091852206A00E9B739 /* Tumblrbot.xcdatamodeld in Sources */,
				1528D8B81D2F726200008628 /* TMBCoreDataStackManager.m in Sources */,
				DA12C1871D3AFB4900447A1A /* TMBChatTableViewDataSource.m in Sources */,
				DA12C1931D3B09CF00447A1A /* TMBBaseDetailTableViewController.m in Sources */,
				DA12C17B1D399FC800447A1A /* TMBAudioViewController.m in Sources */,
				15BEC0C11D38A19B001BAAD7 /* TMBBaseViewController.m in Sources */,
				15BA88F51D360D7C00730CA6 /* TMBVideoPost+CoreDataProperties.m in Sources */,
				15BA88F91D360D7C00730CA6 /* TMBQuotePost+CoreDataProperties.m in Sources */,
				156FEA931D3BF54F008A82FF /* TMBDashboardTableViewDelegate.m in Sources */,
				15BEC0CD1D38AC7B001BAAD7 /* TMBThemeManager.m in Sources */,
				DA12C1681D3945D800447A1A /* TMBVideoViewController.m in Sources */,
				15BEC0BB1D388868001BAAD7 /* TMBTypeTableViewDataSource.m in Sources */,
				DA12C18D1D3B032900447A1A /* TMBTextBaseViewController.m in Sources */,
				15BA88FA1D360D7C00730CA6 /* TMBQuotePost.m in Sources */,
				15BA88F71D360D7C00730CA6 /* TMBPhotoPost+CoreDataProperties.m in Sources */,
				15BEC0D61D38BB6B001BAAD7 /* NSString+TMBHTMLString.m in Sources */,
				DA12C17E1D3A0AB400447A1A /* TMBPhotoTableViewController.m in Sources */,
				15BA89041D360D7C00730CA6 /* TMBChatPost.m in Sources */,
				15BEC0D31D38BAF2001BAAD7 /* TMBTextViewController.m in Sources */,
				15BA89011D360D7C00730CA6 /* Photo+CoreDataProperties.m in Sources */,
				15BA88F81D360D7C00730CA6 /* TMBPhotoPost.m in Sources */,
				15BA87D01D33E03D00730CA6 /* TMBDashboardTableViewCell.m in Sources */,
				15BA88F21D360D7C00730CA6 /* TMBAudioPost.m in Sources */,
				15BA88F11D360D7C00730CA6 /* TMBAudioPost+CoreDataProperties.m in Sources */,
				DA12C1751D397A1100447A1A /* TMBChatTableViewController.m in Sources */,
				15BA89001D360D7C00730CA6 /* TMBTextPost.m in Sources */,
				15BA89021D360D7C00730CA6 /* Photo.m in Sources */,
				15BEC0C91D38AB58001BAAD7 /* TMBBaseLabel.m in Sources */,
				15BA88EF1D360D7C00730CA6 /* TMBPost+CoreDataProperties.m in Sources */,
				DA12C1901D3B04BD00447A1A /* TMBMediaBaseViewController.m in Sources */,
				15BA890B1D37037300730CA6 /* NSDictionary+TMBDictionaryJSONParser.m in Sources */,
				15BA89081D361E9500730CA6 /* NSDate+TMBDateFormatter.m in Sources */,
				DA12C1651D3939CF00447A1A /* TMBLinkViewController.m in Sources */,
				15BA88F41D360D7C00730CA6 /* TMBLinkPost.m in Sources */,
				15BEC0B81D3885CD001BAAD7 /* TMBTypeTableViewController.m in Sources */,
				15BA88FC1D360D7C00730CA6 /* Dialogue.m in Sources */,
				3424B6061852206A00E9B739 /* TMBAppDelegate.m in Sources */,
				15BA88F31D360D7C00730CA6 /* TMBLinkPost+CoreDataProperties.m in Sources */,
				156FEA971D3C0FA4008A82FF /* TMBAPIResponseHelper.m in Sources */,
				DA12C1781D39823600447A1A /* TMBChatTableViewCell.m in Sources */,
				DA12C1701D3954D400447A1A /* TMBAnswerViewController.m in Sources */,
				15BA89031D360D7C00730CA6 /* TMBChatPost+CoreDataProperties.m in Sources */,
				15BA88ED1D360D7C00730CA6 /* Player+CoreDataProperties.m in Sources */,
				1521416C1D3B3D1600A2EFAE /* TMBBaseTableViewController.m in Sources */,
				15FAB2721D3744CA00119ECA /* Image.m in Sources */,
				DA12C1811D3A0C4300447A1A /* TMBPhotoTableViewCell.m in Sources */,
				15BA88FF1D360D7C00730CA6 /* TMBTextPost+CoreDataProperties.m in Sources */,
				15BA88EE1D360D7C00730CA6 /* Player.m in Sources */,
				15BEC0D01D38B6D9001BAAD7 /* TMBBaseTextView.m in Sources */,
				15BA88FE1D360D7C00730CA6 /* TMBAnswerPost.m in Sources */,
				DA12C18A1D3AFE6000447A1A /* TMBPhotoTableViewDataSource.m in Sources */,
				15BA88FD1D360D7C00730CA6 /* TMBAnswerPost+CoreDataProperties.m in Sources */,
				15BA891A1D370D7E00730CA6 /* TMBDashboardTableViewDataSource.m in Sources */,
				15BA88F61D360D7C00730CA6 /* TMBVideoPost.m in Sources */,
				3424B6021852206A00E9B739 /* main.m in Sources */,
			);
			runOnlyForDeploymentPostprocessing = 0;
		};
/* End PBXSourcesBuildPhase section */

/* Begin PBXVariantGroup section */
		3424B5FE1852206A00E9B739 /* InfoPlist.strings */ = {
			isa = PBXVariantGroup;
			children = (
				3424B5FF1852206A00E9B739 /* en */,
			);
			name = InfoPlist.strings;
			sourceTree = "<group>";
		};
/* End PBXVariantGroup section */

/* Begin XCBuildConfiguration section */
		3424B6201852206A00E9B739 /* Debug */ = {
			isa = XCBuildConfiguration;
			buildSettings = {
				ALWAYS_SEARCH_USER_PATHS = NO;
				CLANG_CXX_LANGUAGE_STANDARD = "gnu++0x";
				CLANG_CXX_LIBRARY = "libc++";
				CLANG_ENABLE_MODULES = YES;
				CLANG_ENABLE_OBJC_ARC = YES;
				CLANG_WARN_BOOL_CONVERSION = YES;
				CLANG_WARN_CONSTANT_CONVERSION = YES;
				CLANG_WARN_DIRECT_OBJC_ISA_USAGE = YES_ERROR;
				CLANG_WARN_EMPTY_BODY = YES;
				CLANG_WARN_ENUM_CONVERSION = YES;
				CLANG_WARN_INT_CONVERSION = YES;
				CLANG_WARN_OBJC_ROOT_CLASS = YES_ERROR;
				CLANG_WARN__DUPLICATE_METHOD_MATCH = YES;
				"CODE_SIGN_IDENTITY[sdk=iphoneos*]" = "iPhone Developer";
				COPY_PHASE_STRIP = NO;
				ENABLE_TESTABILITY = YES;
				GCC_C_LANGUAGE_STANDARD = gnu99;
				GCC_DYNAMIC_NO_PIC = NO;
				GCC_OPTIMIZATION_LEVEL = 0;
				GCC_PREPROCESSOR_DEFINITIONS = (
					"DEBUG=1",
					"$(inherited)",
				);
				GCC_SYMBOLS_PRIVATE_EXTERN = NO;
				GCC_WARN_64_TO_32_BIT_CONVERSION = YES;
				GCC_WARN_ABOUT_RETURN_TYPE = YES_ERROR;
				GCC_WARN_UNDECLARED_SELECTOR = YES;
				GCC_WARN_UNINITIALIZED_AUTOS = YES;
				GCC_WARN_UNUSED_FUNCTION = YES;
				GCC_WARN_UNUSED_VARIABLE = YES;
				IPHONEOS_DEPLOYMENT_TARGET = 7.0;
				ONLY_ACTIVE_ARCH = YES;
				SDKROOT = iphoneos;
			};
			name = Debug;
		};
		3424B6211852206A00E9B739 /* Release */ = {
			isa = XCBuildConfiguration;
			buildSettings = {
				ALWAYS_SEARCH_USER_PATHS = NO;
				CLANG_CXX_LANGUAGE_STANDARD = "gnu++0x";
				CLANG_CXX_LIBRARY = "libc++";
				CLANG_ENABLE_MODULES = YES;
				CLANG_ENABLE_OBJC_ARC = YES;
				CLANG_WARN_BOOL_CONVERSION = YES;
				CLANG_WARN_CONSTANT_CONVERSION = YES;
				CLANG_WARN_DIRECT_OBJC_ISA_USAGE = YES_ERROR;
				CLANG_WARN_EMPTY_BODY = YES;
				CLANG_WARN_ENUM_CONVERSION = YES;
				CLANG_WARN_INT_CONVERSION = YES;
				CLANG_WARN_OBJC_ROOT_CLASS = YES_ERROR;
				CLANG_WARN__DUPLICATE_METHOD_MATCH = YES;
				"CODE_SIGN_IDENTITY[sdk=iphoneos*]" = "iPhone Developer";
				COPY_PHASE_STRIP = YES;
				ENABLE_NS_ASSERTIONS = NO;
				GCC_C_LANGUAGE_STANDARD = gnu99;
				GCC_WARN_64_TO_32_BIT_CONVERSION = YES;
				GCC_WARN_ABOUT_RETURN_TYPE = YES_ERROR;
				GCC_WARN_UNDECLARED_SELECTOR = YES;
				GCC_WARN_UNINITIALIZED_AUTOS = YES;
				GCC_WARN_UNUSED_FUNCTION = YES;
				GCC_WARN_UNUSED_VARIABLE = YES;
				IPHONEOS_DEPLOYMENT_TARGET = 7.0;
				SDKROOT = iphoneos;
				VALIDATE_PRODUCT = YES;
			};
			name = Release;
		};
		3424B6231852206A00E9B739 /* Debug */ = {
			isa = XCBuildConfiguration;
			baseConfigurationReference = C04F9E300A564B69AD58676D /* Pods.xcconfig */;
			buildSettings = {
				ASSETCATALOG_COMPILER_APPICON_NAME = AppIcon;
				ASSETCATALOG_COMPILER_LAUNCHIMAGE_NAME = LaunchImage;
				GCC_PRECOMPILE_PREFIX_HEADER = YES;
				GCC_PREFIX_HEADER = "Tumblrbot/Tumblrbot-Prefix.pch";
				INFOPLIST_FILE = "Tumblrbot/Tumblrbot-Info.plist";
				PRODUCT_BUNDLE_IDENTIFIER = "com.tumblr.${PRODUCT_NAME:rfc1034identifier}";
				PRODUCT_NAME = "$(TARGET_NAME)";
				WRAPPER_EXTENSION = app;
			};
			name = Debug;
		};
		3424B6241852206A00E9B739 /* Release */ = {
			isa = XCBuildConfiguration;
			baseConfigurationReference = C04F9E300A564B69AD58676D /* Pods.xcconfig */;
			buildSettings = {
				ASSETCATALOG_COMPILER_APPICON_NAME = AppIcon;
				ASSETCATALOG_COMPILER_LAUNCHIMAGE_NAME = LaunchImage;
				GCC_PRECOMPILE_PREFIX_HEADER = YES;
				GCC_PREFIX_HEADER = "Tumblrbot/Tumblrbot-Prefix.pch";
				INFOPLIST_FILE = "Tumblrbot/Tumblrbot-Info.plist";
				PRODUCT_BUNDLE_IDENTIFIER = "com.tumblr.${PRODUCT_NAME:rfc1034identifier}";
				PRODUCT_NAME = "$(TARGET_NAME)";
				WRAPPER_EXTENSION = app;
			};
			name = Release;
		};
/* End XCBuildConfiguration section */

/* Begin XCConfigurationList section */
		3424B5EB1852206900E9B739 /* Build configuration list for PBXProject "Tumblrbot" */ = {
			isa = XCConfigurationList;
			buildConfigurations = (
				3424B6201852206A00E9B739 /* Debug */,
				3424B6211852206A00E9B739 /* Release */,
			);
			defaultConfigurationIsVisible = 0;
			defaultConfigurationName = Release;
		};
		3424B6221852206A00E9B739 /* Build configuration list for PBXNativeTarget "Tumblrbot" */ = {
			isa = XCConfigurationList;
			buildConfigurations = (
				3424B6231852206A00E9B739 /* Debug */,
				3424B6241852206A00E9B739 /* Release */,
			);
			defaultConfigurationIsVisible = 0;
			defaultConfigurationName = Release;
		};
/* End XCConfigurationList section */

/* Begin XCVersionGroup section */
		3424B6071852206A00E9B739 /* Tumblrbot.xcdatamodeld */ = {
			isa = XCVersionGroup;
			children = (
				3424B6081852206A00E9B739 /* Tumblrbot.xcdatamodel */,
			);
			currentVersion = 3424B6081852206A00E9B739 /* Tumblrbot.xcdatamodel */;
			path = Tumblrbot.xcdatamodeld;
			sourceTree = "<group>";
			versionGroupType = wrapper.xcdatamodel;
		};
/* End XCVersionGroup section */
	};
	rootObject = 3424B5E81852206900E9B739 /* Project object */;
}
